
Microsoft Visual Studio Solution File, Format Version 11.00
# Visual Studio 2010
Project("{FAE04EC0-301F-11D3-BF4B-00C04F79EFBC}") = "en2ki", "en2ki.csproj", "{414CD10A-D35B-41FA-A1EA-B6BE16F7F69E}"
EndProject
Global
	GlobalSection(SolutionConfigurationPlatforms) = preSolution
		Debug|x86 = Debug|x86
		Release|x86 = Release|x86
	EndGlobalSection
	GlobalSection(ProjectConfigurationPlatforms) = postSolution
		{414CD10A-D35B-41FA-A1EA-B6BE16F7F69E}.Debug|x86.ActiveCfg = Debug|x86
		{414CD10A-D35B-41FA-A1EA-B6BE16F7F69E}.Debug|x86.Build.0 = Debug|x86
		{414CD10A-D35B-41FA-A1EA-B6BE16F7F69E}.Release|x86.ActiveCfg = Release|x86
		{414CD10A-D35B-41FA-A1EA-B6BE16F7F69E}.Release|x86.Build.0 = Release|x86
	EndGlobalSection
	GlobalSection(SolutionProperties) = preSolution
		HideSolutionNode = FALSE
	EndGlobalSection
EndGlobal
